github.com/go-anyway/framework-config v1.0.0/go.mod h1:qGafgZ6V3ZfdIR7MT4o5edi030Oa9PUYYVL+1apuPV8=
github.com/go-anyway/framework-log v1.0.0/go.mod h1:cyD0P8YrmkmjVpiurV+cf8ieRXjJAo0AuPZ9GCmh4B8=
github.com/go-anyway/framework-trace v1.0.0/go.mod h1:/tuFEKpXTdbHVgtXNw6rX0M5FNy6C6yCA6xZH51dn7U=
github.com/gorilla/websocket v1.4.2/go.mod h1:YR8l580nyteQvAITg2hZ9XVh4b55+EU/adAjf1fMHhE=
